name: Update macos-talk lockfile

on:
  push:
    branches:
      - feat/macos-talk

permissions:
  contents: write

jobs:
  update-lock:
    if: github.actor != 'github-actions[bot]'
    runs-on: ubuntu-latest
    steps:
      - uses: actions/checkout@v7
        with:
          persist-credentials: true
      - uses: oven-sh/setup-bun@v2
        with:
          bun-version: 1.3.14
      - run: bun install
      - name: Commit lockfile
        run: |
          if git diff --quiet -- bun.lock; then
            exit 0
          fi
          git config user.name github-actions[bot]
          git config user.email 41898282+github-actions[bot]@users.noreply.github.com
          git add bun.lock
          git commit -m "Update bun lockfile"
          git push origin HEAD:feat/macos-talk
